
Microsoft Visual Studio Solution File, Format Version 12.00
# Visual Studio 14
VisualStudioVersion = 14.0.24720.0
MinimumVisualStudioVersion = 10.0.40219.1
Project("{2150E333-8FDC-42A3-9474-1A3956D46DE8}") = "src", "src", "{171737C0-C61A-4F7B-84A3-379A852DE72C}"
EndProject
Project("{2150E333-8FDC-42A3-9474-1A3956D46DE8}") = "Solution Items", "Solution Items", "{DA5E2505-AFCD-4F39-894F-B575A85AB92F}"
	ProjectSection(SolutionItems) = preProject
		global.json = global.json
	EndProjectSection
EndProject
Project("{8BB2217D-0F2D-49D1-97BC-3654ED321F3B}") = "FishTankApp", "src\FishTankApp\FishTankApp.xproj", "{2FAEC6D1-FAD6-44A8-987D-894623534CFD}"
EndProject
Global
	GlobalSection(SolutionConfigurationPlatforms) = preSolution
		Debug|Any CPU = Debug|Any CPU
		Release|Any CPU = Release|Any CPU
		test|Any CPU = test|Any CPU
	EndGlobalSection
	GlobalSection(ProjectConfigurationPlatforms) = postSolution
		{2FAEC6D1-FAD6-44A8-987D-894623534CFD}.Debug|Any CPU.ActiveCfg = Debug|Any CPU
		{2FAEC6D1-FAD6-44A8-987D-894623534CFD}.Debug|Any CPU.Build.0 = Debug|Any CPU
		{2FAEC6D1-FAD6-44A8-987D-894623534CFD}.Release|Any CPU.ActiveCfg = Release|Any CPU
		{2FAEC6D1-FAD6-44A8-987D-894623534CFD}.Release|Any CPU.Build.0 = Release|Any CPU
		{2FAEC6D1-FAD6-44A8-987D-894623534CFD}.test|Any CPU.ActiveCfg = test|Any CPU
		{2FAEC6D1-FAD6-44A8-987D-894623534CFD}.test|Any CPU.Build.0 = test|Any CPU
	EndGlobalSection
	GlobalSection(SolutionProperties) = preSolution
		HideSolutionNode = FALSE
	EndGlobalSection
	GlobalSection(NestedProjects) = preSolution
		{2FAEC6D1-FAD6-44A8-987D-894623534CFD} = {171737C0-C61A-4F7B-84A3-379A852DE72C}
	EndGlobalSection
EndGlobal
